
Microsoft Visual Studio Solution File, Format Version 12.00
# Visual Studio 2013
VisualStudioVersion = 12.0.30723.0
MinimumVisualStudioVersion = 10.0.40219.1
Project("{8BC9CEB8-8B4A-11D0-8D11-00A0C91BC942}") = "TestTask2_server", "TestTask2_server\TestTask2_server.vcxproj", "{68B2A584-E188-4D1F-B7D2-F32D358F8A8A}"
EndProject
Project("{8BC9CEB8-8B4A-11D0-8D11-00A0C91BC942}") = "TestTask2_client", "TestTask2_client\TestTask2_client.vcxproj", "{234D2577-AE86-4C3F-AED2-6E0B378D01AB}"
EndProject
Project("{8BC9CEB8-8B4A-11D0-8D11-00A0C91BC942}") = "Library", "Library\Library.vcxproj", "{EEDEF070-4828-4C89-8FF0-953C12A73DB1}"
EndProject
Global
	GlobalSection(SolutionConfigurationPlatforms) = preSolution
		Debug|Win32 = Debug|Win32
		Release|Win32 = Release|Win32
	EndGlobalSection
	GlobalSection(ProjectConfigurationPlatforms) = postSolution
		{68B2A584-E188-4D1F-B7D2-F32D358F8A8A}.Debug|Win32.ActiveCfg = Debug|Win32
		{68B2A584-E188-4D1F-B7D2-F32D358F8A8A}.Debug|Win32.Build.0 = Debug|Win32
		{68B2A584-E188-4D1F-B7D2-F32D358F8A8A}.Release|Win32.ActiveCfg = Release|Win32
		{68B2A584-E188-4D1F-B7D2-F32D358F8A8A}.Release|Win32.Build.0 = Release|Win32
		{234D2577-AE86-4C3F-AED2-6E0B378D01AB}.Debug|Win32.ActiveCfg = Debug|Win32
		{234D2577-AE86-4C3F-AED2-6E0B378D01AB}.Debug|Win32.Build.0 = Debug|Win32
		{234D2577-AE86-4C3F-AED2-6E0B378D01AB}.Release|Win32.ActiveCfg = Release|Win32
		{234D2577-AE86-4C3F-AED2-6E0B378D01AB}.Release|Win32.Build.0 = Release|Win32
		{EEDEF070-4828-4C89-8FF0-953C12A73DB1}.Debug|Win32.ActiveCfg = Debug|Win32
		{EEDEF070-4828-4C89-8FF0-953C12A73DB1}.Debug|Win32.Build.0 = Debug|Win32
		{EEDEF070-4828-4C89-8FF0-953C12A73DB1}.Release|Win32.ActiveCfg = Release|Win32
		{EEDEF070-4828-4C89-8FF0-953C12A73DB1}.Release|Win32.Build.0 = Release|Win32
	EndGlobalSection
	GlobalSection(SolutionProperties) = preSolution
		HideSolutionNode = FALSE
	EndGlobalSection
EndGlobal
